schema: '2.0'
stages:
  data_preprocess:
    cmd: python3 src/data_preprocess.py --params params.yaml
    deps:
    - path: data/external/images
      md5: 4435da9f7a2981b5c909f718cddc2be1.dir
      size: 236067759
      nfiles: 1807
    - path: data/external/stats/pokemon-gen-1-8.csv
      md5: b0b029c2dc01bd0e6f2dbf9eeae8c14e
      size: 160616
    - path: src/data_preprocess.py
      md5: ca6da5394d49caffdf0eebffcfedc0c6
      size: 3065
    params:
      params.yaml:
        base:
          seed: 42
          pokemon_type_train: Water
        data_preprocess:
          source_directory: data/external
          destination_directory: data/processed
          dataset_labels: stats/pokemon-gen-1-8.csv
          dataset_images: images
    outs:
    - path: data/processed/pokemon
      md5: c48566c030889e71a791e1412d7dddf7.dir
      size: 118179012
      nfiles: 905
    - path: data/processed/pokemon-with-image-paths.csv
      md5: 855c2c653410195c774039062cb978fd
      size: 113532
    - path: data/processed/pokemon.csv
      md5: ddfc4d225790b12fbd9ed8b0d667406c
      size: 47039
  data_load:
    cmd: python3 src/data_load.py --params params.yaml
    deps:
    - path: data/processed/pokemon
      md5: c48566c030889e71a791e1412d7dddf7.dir
      size: 118179012
      nfiles: 905
    - path: data/processed/pokemon-with-image-paths.csv
      md5: 855c2c653410195c774039062cb978fd
      size: 113532
    - path: src/data_load.py
      md5: 3beae88ab58ae0cb8d355477e04f3574
      size: 2073
    params:
      params.yaml:
        base:
          seed: 42
          pokemon_type_train: Water
        data_preprocess:
          source_directory: data/external
          destination_directory: data/processed
          dataset_labels: stats/pokemon-gen-1-8.csv
          dataset_images: images
    outs:
    - path: data/processed/X.pckl
      md5: 8f6555c6159e27739fd97a61ace395a4
      size: 2891610169
    - path: data/processed/X_test.pckl
      md5: 23c3aa551e6826615b71e592972997a8
      size: 581210168
    - path: data/processed/X_train.pckl
      md5: 364b2c4e8fe73f88a79ef5da6416abac
      size: 2310400169
    - path: data/processed/y.pckl
      md5: f156295a269847ea043fff40f8cca0a7
      size: 7072
    - path: data/processed/y_test.pckl
      md5: 05695e9b10f3c84048b6c6d0af01bd30
      size: 3247
    - path: data/processed/y_train.pckl
      md5: 25b4a8bb684e918396014650bfcfeffd
      size: 10913
  train:
    cmd: python3 src/train.py --params params.yaml
    deps:
    - path: data/processed/X_test.pckl
      md5: 23c3aa551e6826615b71e592972997a8
      size: 581210168
    - path: data/processed/X_train.pckl
      md5: 364b2c4e8fe73f88a79ef5da6416abac
      size: 2310400169
    - path: data/processed/y_test.pckl
      md5: 05695e9b10f3c84048b6c6d0af01bd30
      size: 3247
    - path: data/processed/y_train.pckl
      md5: 25b4a8bb684e918396014650bfcfeffd
      size: 10913
    - path: src/train.py
      md5: e3f1fe3b75294ccb7043d8fe64222256
      size: 4217
    params:
      params.yaml:
        base:
          seed: 42
          pokemon_type_train: Water
        data_preprocess:
          source_directory: data/external
          destination_directory: data/processed
          dataset_labels: stats/pokemon-gen-1-8.csv
          dataset_images: images
        train:
          test_size: 0.2
          learning_rate: 0.001
          epochs: 15
          batch_size: 120
    outs:
    - path: outputs/model
      md5: e2505fbe4b363b9ea51e61b95ba97c4e.dir
      size: 1494216
      nfiles: 5
    - path: outputs/train_history.png
      md5: 3b73c6f3ea38d7f5475752b5b4b43759
      size: 51330
  evaluate:
    cmd: python3 src/evaluate.py --params params.yaml
    deps:
    - path: outputs/model/keras_metadata.pb
      md5: a628ea889e370ec6cb08921a3372669d
      size: 18273
    - path: outputs/model/saved_model.pb
      md5: d5fccd4bcd10b6e77920f8a9b3e75357
      size: 180028
    - path: outputs/train_history.png
      md5: 3b73c6f3ea38d7f5475752b5b4b43759
      size: 51330
    params:
      params.yaml:
        base:
          seed: 42
          pokemon_type_train: Water
    outs:
    - path: outputs/confusion_matrix.png
      md5: 68603a5b80c41dc518ee3c14183eee4c
      size: 23047
    - path: outputs/metrics.yaml
      md5: a7411f8efb9f819311f6f2ec673425ff
      size: 104
